// !$*UTF8*$!
{
	archiveVersion = 1;
	classes = {
	};
	objectVersion = 51;
	objects = {

/* Begin PBXBuildFile section */
		063C0CD92391426600D1FC5E /* CompanyViewTVC.swift in Sources */ = {isa = PBXBuildFile; fileRef = 063C0CD82391426600D1FC5E /* CompanyViewTVC.swift */; };
		063C0CDB2391428000D1FC5E /* AboutCompanyTVC.swift in Sources */ = {isa = PBXBuildFile; fileRef = 063C0CDA2391428000D1FC5E /* AboutCompanyTVC.swift */; };
		063C0CDF239142AD00D1FC5E /* ReviewsTVC.swift in Sources */ = {isa = PBXBuildFile; fileRef = 063C0CDE239142AD00D1FC5E /* ReviewsTVC.swift */; };
		063C0CE1239142D000D1FC5E /* WorkersTVC.swift in Sources */ = {isa = PBXBuildFile; fileRef = 063C0CE0239142D000D1FC5E /* WorkersTVC.swift */; };
		06480C0323E6AECC00D7C17E /* CleaningCompanies.json in Resources */ = {isa = PBXBuildFile; fileRef = 06480C0223E6AECC00D7C17E /* CleaningCompanies.json */; };
		0669183D23CA4DEA002F22DF /* CompanyModel.swift in Sources */ = {isa = PBXBuildFile; fileRef = 0669183C23CA4DEA002F22DF /* CompanyModel.swift */; };
		0669183F23CA5B44002F22DF /* StorageManager.swift in Sources */ = {isa = PBXBuildFile; fileRef = 0669183E23CA5B44002F22DF /* StorageManager.swift */; };
		06D780D02371CD0F001B3717 /* AppDelegate.swift in Sources */ = {isa = PBXBuildFile; fileRef = 06D780CF2371CD0F001B3717 /* AppDelegate.swift */; };
		06D780D22371CD0F001B3717 /* SceneDelegate.swift in Sources */ = {isa = PBXBuildFile; fileRef = 06D780D12371CD0F001B3717 /* SceneDelegate.swift */; };
		06D780D72371CD0F001B3717 /* Main.storyboard in Resources */ = {isa = PBXBuildFile; fileRef = 06D780D52371CD0F001B3717 /* Main.storyboard */; };
		06D780D92371CD0F001B3717 /* Assets.xcassets in Resources */ = {isa = PBXBuildFile; fileRef = 06D780D82371CD0F001B3717 /* Assets.xcassets */; };
		06D780DC2371CD0F001B3717 /* LaunchScreen.storyboard in Resources */ = {isa = PBXBuildFile; fileRef = 06D780DA2371CD0F001B3717 /* LaunchScreen.storyboard */; };
		06D780E42371D471001B3717 /* CompaniesCVC.swift in Sources */ = {isa = PBXBuildFile; fileRef = 06D780E32371D471001B3717 /* CompaniesCVC.swift */; };
		06D780EE2371D4E0001B3717 /* CompanyCell.swift in Sources */ = {isa = PBXBuildFile; fileRef = 06D780ED2371D4E0001B3717 /* CompanyCell.swift */; };
		06D780F02371D518001B3717 /* CompanyInfoVC.swift in Sources */ = {isa = PBXBuildFile; fileRef = 06D780EF2371D518001B3717 /* CompanyInfoVC.swift */; };
		06D780F42371E377001B3717 /* CompanyData.swift in Sources */ = {isa = PBXBuildFile; fileRef = 06D780F32371E377001B3717 /* CompanyData.swift */; };
		06D780F62371E3E0001B3717 /* NetworkManager.swift in Sources */ = {isa = PBXBuildFile; fileRef = 06D780F52371E3E0001B3717 /* NetworkManager.swift */; };
		06D7810223784033001B3717 /* cleaning.json in Resources */ = {isa = PBXBuildFile; fileRef = 06D7810123784033001B3717 /* cleaning.json */; };
		06F7237C238910C4004364E0 /* WorkerCell.swift in Sources */ = {isa = PBXBuildFile; fileRef = 06F7237B238910C4004364E0 /* WorkerCell.swift */; };
		06F7237E2389562C004364E0 /* ReviewsCVC.swift in Sources */ = {isa = PBXBuildFile; fileRef = 06F7237D2389562C004364E0 /* ReviewsCVC.swift */; };
		06F9E9FC23D369BD007431E4 /* CompanyInfoDataSource.swift in Sources */ = {isa = PBXBuildFile; fileRef = 06F9E9FB23D369BD007431E4 /* CompanyInfoDataSource.swift */; };
		06F9E9FE23D36B91007431E4 /* CompanyInfoDelegate.swift in Sources */ = {isa = PBXBuildFile; fileRef = 06F9E9FD23D36B91007431E4 /* CompanyInfoDelegate.swift */; };
		06F9EA0223DC3C6F007431E4 /* RatingTVC.swift in Sources */ = {isa = PBXBuildFile; fileRef = 06F9EA0123DC3C6F007431E4 /* RatingTVC.swift */; };
		3BED365800F0E39DEA3BEA3B /* Pods_CleanHouse.framework in Frameworks */ = {isa = PBXBuildFile; fileRef = C8EFA38DA6BE5FC4A2D31EAE /* Pods_CleanHouse.framework */; };
/* End PBXBuildFile section */

/* Begin PBXFileReference section */
		063C0CD82391426600D1FC5E /* CompanyViewTVC.swift */ = {isa = PBXFileReference; lastKnownFileType = sourcecode.swift; path = CompanyViewTVC.swift; sourceTree = "<group>"; };
		063C0CDA2391428000D1FC5E /* AboutCompanyTVC.swift */ = {isa = PBXFileReference; lastKnownFileType = sourcecode.swift; path = AboutCompanyTVC.swift; sourceTree = "<group>"; };
		063C0CDE239142AD00D1FC5E /* ReviewsTVC.swift */ = {isa = PBXFileReference; lastKnownFileType = sourcecode.swift; path = ReviewsTVC.swift; sourceTree = "<group>"; };
		063C0CE0239142D000D1FC5E /* WorkersTVC.swift */ = {isa = PBXFileReference; lastKnownFileType = sourcecode.swift; path = WorkersTVC.swift; sourceTree = "<group>"; };
		06480C0223E6AECC00D7C17E /* CleaningCompanies.json */ = {isa = PBXFileReference; fileEncoding = 4; lastKnownFileType = text.json; path = CleaningCompanies.json; sourceTree = "<group>"; };
		0669183C23CA4DEA002F22DF /* CompanyModel.swift */ = {isa = PBXFileReference; lastKnownFileType = sourcecode.swift; path = CompanyModel.swift; sourceTree = "<group>"; };
		0669183E23CA5B44002F22DF /* StorageManager.swift */ = {isa = PBXFileReference; lastKnownFileType = sourcecode.swift; path = StorageManager.swift; sourceTree = "<group>"; };
		06D780CC2371CD0F001B3717 /* CleanHouse.app */ = {isa = PBXFileReference; explicitFileType = wrapper.application; includeInIndex = 0; path = CleanHouse.app; sourceTree = BUILT_PRODUCTS_DIR; };
		06D780CF2371CD0F001B3717 /* AppDelegate.swift */ = {isa = PBXFileReference; lastKnownFileType = sourcecode.swift; path = AppDelegate.swift; sourceTree = "<group>"; };
		06D780D12371CD0F001B3717 /* SceneDelegate.swift */ = {isa = PBXFileReference; lastKnownFileType = sourcecode.swift; path = SceneDelegate.swift; sourceTree = "<group>"; };
		06D780D62371CD0F001B3717 /* Base */ = {isa = PBXFileReference; lastKnownFileType = file.storyboard; name = Base; path = Base.lproj/Main.storyboard; sourceTree = "<group>"; };
		06D780D82371CD0F001B3717 /* Assets.xcassets */ = {isa = PBXFileReference; lastKnownFileType = folder.assetcatalog; path = Assets.xcassets; sourceTree = "<group>"; };
		06D780DB2371CD0F001B3717 /* Base */ = {isa = PBXFileReference; lastKnownFileType = file.storyboard; name = Base; path = Base.lproj/LaunchScreen.storyboard; sourceTree = "<group>"; };
		06D780DD2371CD0F001B3717 /* Info.plist */ = {isa = PBXFileReference; lastKnownFileType = text.plist.xml; path = Info.plist; sourceTree = "<group>"; };
		06D780E32371D471001B3717 /* CompaniesCVC.swift */ = {isa = PBXFileReference; lastKnownFileType = sourcecode.swift; path = CompaniesCVC.swift; sourceTree = "<group>"; };
		06D780ED2371D4E0001B3717 /* CompanyCell.swift */ = {isa = PBXFileReference; lastKnownFileType = sourcecode.swift; path = CompanyCell.swift; sourceTree = "<group>"; };
		06D780EF2371D518001B3717 /* CompanyInfoVC.swift */ = {isa = PBXFileReference; lastKnownFileType = sourcecode.swift; path = CompanyInfoVC.swift; sourceTree = "<group>"; wrapsLines = 0; };
		06D780F32371E377001B3717 /* CompanyData.swift */ = {isa = PBXFileReference; lastKnownFileType = sourcecode.swift; path = CompanyData.swift; sourceTree = "<group>"; };
		06D780F52371E3E0001B3717 /* NetworkManager.swift */ = {isa = PBXFileReference; lastKnownFileType = sourcecode.swift; path = NetworkManager.swift; sourceTree = "<group>"; };
		06D7810123784033001B3717 /* cleaning.json */ = {isa = PBXFileReference; fileEncoding = 4; lastKnownFileType = text.json; path = cleaning.json; sourceTree = "<group>"; };
		06F7237B238910C4004364E0 /* WorkerCell.swift */ = {isa = PBXFileReference; lastKnownFileType = sourcecode.swift; path = WorkerCell.swift; sourceTree = "<group>"; };
		06F7237D2389562C004364E0 /* ReviewsCVC.swift */ = {isa = PBXFileReference; lastKnownFileType = sourcecode.swift; path = ReviewsCVC.swift; sourceTree = "<group>"; };
		06F9E9FB23D369BD007431E4 /* CompanyInfoDataSource.swift */ = {isa = PBXFileReference; lastKnownFileType = sourcecode.swift; path = CompanyInfoDataSource.swift; sourceTree = "<group>"; };
		06F9E9FD23D36B91007431E4 /* CompanyInfoDelegate.swift */ = {isa = PBXFileReference; lastKnownFileType = sourcecode.swift; path = CompanyInfoDelegate.swift; sourceTree = "<group>"; };
		06F9EA0123DC3C6F007431E4 /* RatingTVC.swift */ = {isa = PBXFileReference; fileEncoding = 4; lastKnownFileType = sourcecode.swift; name = RatingTVC.swift; path = ../../../../.Trash/RatingTVC.swift; sourceTree = "<group>"; };
		0FCC33C1B203FEF4544943A9 /* Pods-CleanHouse.debug.xcconfig */ = {isa = PBXFileReference; includeInIndex = 1; lastKnownFileType = text.xcconfig; name = "Pods-CleanHouse.debug.xcconfig"; path = "Target Support Files/Pods-CleanHouse/Pods-CleanHouse.debug.xcconfig"; sourceTree = "<group>"; };
		326D099FFBD098C62774A97F /* Pods-CleanHouse.release.xcconfig */ = {isa = PBXFileReference; includeInIndex = 1; lastKnownFileType = text.xcconfig; name = "Pods-CleanHouse.release.xcconfig"; path = "Target Support Files/Pods-CleanHouse/Pods-CleanHouse.release.xcconfig"; sourceTree = "<group>"; };
		C8EFA38DA6BE5FC4A2D31EAE /* Pods_CleanHouse.framework */ = {isa = PBXFileReference; explicitFileType = wrapper.framework; includeInIndex = 0; path = Pods_CleanHouse.framework; sourceTree = BUILT_PRODUCTS_DIR; };
/* End PBXFileReference section */

/* Begin PBXFrameworksBuildPhase section */
		06D780C92371CD0F001B3717 /* Frameworks */ = {
			isa = PBXFrameworksBuildPhase;
			buildActionMask = 2147483647;
			files = (
				3BED365800F0E39DEA3BEA3B /* Pods_CleanHouse.framework in Frameworks */,
			);
			runOnlyForDeploymentPostprocessing = 0;
		};
/* End PBXFrameworksBuildPhase section */

/* Begin PBXGroup section */
		06480C0123E6A9D200D7C17E /* JSON files */ = {
			isa = PBXGroup;
			children = (
				06480C0223E6AECC00D7C17E /* CleaningCompanies.json */,
				06D7810123784033001B3717 /* cleaning.json */,
			);
			path = "JSON files";
			sourceTree = "<group>";
		};
		06D780C32371CD0F001B3717 = {
			isa = PBXGroup;
			children = (
				06D780CE2371CD0F001B3717 /* CleanHouse */,
				06D780CD2371CD0F001B3717 /* Products */,
				7E546027D3A2F3A07EE47102 /* Pods */,
				D9120D35DADE9544394AD607 /* Frameworks */,
			);
			sourceTree = "<group>";
		};
		06D780CD2371CD0F001B3717 /* Products */ = {
			isa = PBXGroup;
			children = (
				06D780CC2371CD0F001B3717 /* CleanHouse.app */,
			);
			name = Products;
			sourceTree = "<group>";
		};
		06D780CE2371CD0F001B3717 /* CleanHouse */ = {
			isa = PBXGroup;
			children = (
				06F9E9FA23D36644007431E4 /* Services */,
				06F3E1CC239CE41600A73084 /* Model */,
				06F3E1CB239CE3A600A73084 /* Controllers */,
				06F3E1C9239CE34E00A73084 /* View */,
				06F9E9FF23DC2DF0007431E4 /* Support Files */,
				06F9EA0023DC2E0E007431E4 /* IBuilders */,
			);
			path = CleanHouse;
			sourceTree = "<group>";
		};
		06F3E1C9239CE34E00A73084 /* View */ = {
			isa = PBXGroup;
			children = (
				06D780ED2371D4E0001B3717 /* CompanyCell.swift */,
				063C0CD82391426600D1FC5E /* CompanyViewTVC.swift */,
				06F9EA0123DC3C6F007431E4 /* RatingTVC.swift */,
				063C0CDA2391428000D1FC5E /* AboutCompanyTVC.swift */,
				063C0CDE239142AD00D1FC5E /* ReviewsTVC.swift */,
				06F7237D2389562C004364E0 /* ReviewsCVC.swift */,
				063C0CE0239142D000D1FC5E /* WorkersTVC.swift */,
				06F7237B238910C4004364E0 /* WorkerCell.swift */,
			);
			name = View;
			sourceTree = "<group>";
		};
		06F3E1CB239CE3A600A73084 /* Controllers */ = {
			isa = PBXGroup;
			children = (
				06D780E32371D471001B3717 /* CompaniesCVC.swift */,
				06D780EF2371D518001B3717 /* CompanyInfoVC.swift */,
				06F9E9FB23D369BD007431E4 /* CompanyInfoDataSource.swift */,
				06F9E9FD23D36B91007431E4 /* CompanyInfoDelegate.swift */,
			);
			name = Controllers;
			sourceTree = "<group>";
		};
		06F3E1CC239CE41600A73084 /* Model */ = {
			isa = PBXGroup;
			children = (
				06D780F32371E377001B3717 /* CompanyData.swift */,
				0669183C23CA4DEA002F22DF /* CompanyModel.swift */,
				06480C0123E6A9D200D7C17E /* JSON files */,
			);
			path = Model;
			sourceTree = "<group>";
		};
		06F9E9FA23D36644007431E4 /* Services */ = {
			isa = PBXGroup;
			children = (
				06D780F52371E3E0001B3717 /* NetworkManager.swift */,
				0669183E23CA5B44002F22DF /* StorageManager.swift */,
			);
			name = Services;
			sourceTree = "<group>";
		};
		06F9E9FF23DC2DF0007431E4 /* Support Files */ = {
			isa = PBXGroup;
			children = (
				06D780CF2371CD0F001B3717 /* AppDelegate.swift */,
				06D780D12371CD0F001B3717 /* SceneDelegate.swift */,
				06D780D82371CD0F001B3717 /* Assets.xcassets */,
				06D780DD2371CD0F001B3717 /* Info.plist */,
			);
			name = "Support Files";
			sourceTree = "<group>";
		};
		06F9EA0023DC2E0E007431E4 /* IBuilders */ = {
			isa = PBXGroup;
			children = (
				06D780D52371CD0F001B3717 /* Main.storyboard */,
				06D780DA2371CD0F001B3717 /* LaunchScreen.storyboard */,
			);
			name = IBuilders;
			sourceTree = "<group>";
		};
		7E546027D3A2F3A07EE47102 /* Pods */ = {
			isa = PBXGroup;
			children = (
				0FCC33C1B203FEF4544943A9 /* Pods-CleanHouse.debug.xcconfig */,
				326D099FFBD098C62774A97F /* Pods-CleanHouse.release.xcconfig */,
			);
			path = Pods;
			sourceTree = "<group>";
		};
		D9120D35DADE9544394AD607 /* Frameworks */ = {
			isa = PBXGroup;
			children = (
				C8EFA38DA6BE5FC4A2D31EAE /* Pods_CleanHouse.framework */,
			);
			name = Frameworks;
			sourceTree = "<group>";
		};
/* End PBXGroup section */

/* Begin PBXNativeTarget section */
		06D780CB2371CD0F001B3717 /* CleanHouse */ = {
			isa = PBXNativeTarget;
			buildConfigurationList = 06D780E02371CD0F001B3717 /* Build configuration list for PBXNativeTarget "CleanHouse" */;
			buildPhases = (
				7EDA2B7F0CC6389C09D009AA /* [CP] Check Pods Manifest.lock */,
				06D780C82371CD0F001B3717 /* Sources */,
				06D780C92371CD0F001B3717 /* Frameworks */,
				06D780CA2371CD0F001B3717 /* Resources */,
				8744CF57443B05F1F2D76873 /* [CP] Embed Pods Frameworks */,
			);
			buildRules = (
			);
			dependencies = (
			);
			name = CleanHouse;
			productName = CleanHouse;
			productReference = 06D780CC2371CD0F001B3717 /* CleanHouse.app */;
			productType = "com.apple.product-type.application";
		};
/* End PBXNativeTarget section */

/* Begin PBXProject section */
		06D780C42371CD0F001B3717 /* Project object */ = {
			isa = PBXProject;
			attributes = {
				LastSwiftUpdateCheck = 1120;
				LastUpgradeCheck = 1120;
				ORGANIZATIONNAME = "TonyPo Production";
				TargetAttributes = {
					06D780CB2371CD0F001B3717 = {
						CreatedOnToolsVersion = 11.2;
					};
				};
			};
			buildConfigurationList = 06D780C72371CD0F001B3717 /* Build configuration list for PBXProject "CleanHouse" */;
			compatibilityVersion = "Xcode 9.3";
			developmentRegion = en;
			hasScannedForEncodings = 0;
			knownRegions = (
				en,
				Base,
			);
			mainGroup = 06D780C32371CD0F001B3717;
			productRefGroup = 06D780CD2371CD0F001B3717 /* Products */;
			projectDirPath = "";
			projectRoot = "";
			targets = (
				06D780CB2371CD0F001B3717 /* CleanHouse */,
			);
		};
/* End PBXProject section */

/* Begin PBXResourcesBuildPhase section */
		06D780CA2371CD0F001B3717 /* Resources */ = {
			isa = PBXResourcesBuildPhase;
			buildActionMask = 2147483647;
			files = (
				06480C0323E6AECC00D7C17E /* CleaningCompanies.json in Resources */,
				06D780DC2371CD0F001B3717 /* LaunchScreen.storyboard in Resources */,
				06D780D92371CD0F001B3717 /* Assets.xcassets in Resources */,
				06D7810223784033001B3717 /* cleaning.json in Resources */,
				06D780D72371CD0F001B3717 /* Main.storyboard in Resources */,
			);
			runOnlyForDeploymentPostprocessing = 0;
		};
/* End PBXResourcesBuildPhase section */

/* Begin PBXShellScriptBuildPhase section */
		7EDA2B7F0CC6389C09D009AA /* [CP] Check Pods Manifest.lock */ = {
			isa = PBXShellScriptBuildPhase;
			buildActionMask = 2147483647;
			files = (
			);
			inputFileListPaths = (
			);
			inputPaths = (
				"${PODS_PODFILE_DIR_PATH}/Podfile.lock",
				"${PODS_ROOT}/Manifest.lock",
			);
			name = "[CP] Check Pods Manifest.lock";
			outputFileListPaths = (
			);
			outputPaths = (
				"$(DERIVED_FILE_DIR)/Pods-CleanHouse-checkManifestLockResult.txt",
			);
			runOnlyForDeploymentPostprocessing = 0;
			shellPath = /bin/sh;
			shellScript = "diff \"${PODS_PODFILE_DIR_PATH}/Podfile.lock\" \"${PODS_ROOT}/Manifest.lock\" > /dev/null\nif [ $? != 0 ] ; then\n    # print error to STDERR\n    echo \"error: The sandbox is not in sync with the Podfile.lock. Run 'pod install' or update your CocoaPods installation.\" >&2\n    exit 1\nfi\n# This output is used by Xcode 'outputs' to avoid re-running this script phase.\necho \"SUCCESS\" > \"${SCRIPT_OUTPUT_FILE_0}\"\n";
			showEnvVarsInLog = 0;
		};
		8744CF57443B05F1F2D76873 /* [CP] Embed Pods Frameworks */ = {
			isa = PBXShellScriptBuildPhase;
			buildActionMask = 2147483647;
			files = (
			);
			inputFileListPaths = (
				"${PODS_ROOT}/Target Support Files/Pods-CleanHouse/Pods-CleanHouse-frameworks-${CONFIGURATION}-input-files.xcfilelist",
			);
			name = "[CP] Embed Pods Frameworks";
			outputFileListPaths = (
				"${PODS_ROOT}/Target Support Files/Pods-CleanHouse/Pods-CleanHouse-frameworks-${CONFIGURATION}-output-files.xcfilelist",
			);
			runOnlyForDeploymentPostprocessing = 0;
			shellPath = /bin/sh;
			shellScript = "\"${PODS_ROOT}/Target Support Files/Pods-CleanHouse/Pods-CleanHouse-frameworks.sh\"\n";
			showEnvVarsInLog = 0;
		};
/* End PBXShellScriptBuildPhase section */

/* Begin PBXSourcesBuildPhase section */
		06D780C82371CD0F001B3717 /* Sources */ = {
			isa = PBXSourcesBuildPhase;
			buildActionMask = 2147483647;
			files = (
				063C0CD92391426600D1FC5E /* CompanyViewTVC.swift in Sources */,
				06D780F42371E377001B3717 /* CompanyData.swift in Sources */,
				06F9E9FE23D36B91007431E4 /* CompanyInfoDelegate.swift in Sources */,
				0669183D23CA4DEA002F22DF /* CompanyModel.swift in Sources */,
				06F9EA0223DC3C6F007431E4 /* RatingTVC.swift in Sources */,
				0669183F23CA5B44002F22DF /* StorageManager.swift in Sources */,
				06D780F62371E3E0001B3717 /* NetworkManager.swift in Sources */,
				06F7237C238910C4004364E0 /* WorkerCell.swift in Sources */,
				06F9E9FC23D369BD007431E4 /* CompanyInfoDataSource.swift in Sources */,
				06D780EE2371D4E0001B3717 /* CompanyCell.swift in Sources */,
				06D780E42371D471001B3717 /* CompaniesCVC.swift in Sources */,
				06D780D02371CD0F001B3717 /* AppDelegate.swift in Sources */,
				06F7237E2389562C004364E0 /* ReviewsCVC.swift in Sources */,
				063C0CE1239142D000D1FC5E /* WorkersTVC.swift in Sources */,
				063C0CDB2391428000D1FC5E /* AboutCompanyTVC.swift in Sources */,
				063C0CDF239142AD00D1FC5E /* ReviewsTVC.swift in Sources */,
				06D780D22371CD0F001B3717 /* SceneDelegate.swift in Sources */,
				06D780F02371D518001B3717 /* CompanyInfoVC.swift in Sources */,
			);
			runOnlyForDeploymentPostprocessing = 0;
		};
/* End PBXSourcesBuildPhase section */

/* Begin PBXVariantGroup section */
		06D780D52371CD0F001B3717 /* Main.storyboard */ = {
			isa = PBXVariantGroup;
			children = (
				06D780D62371CD0F001B3717 /* Base */,
			);
			name = Main.storyboard;
			sourceTree = "<group>";
		};
		06D780DA2371CD0F001B3717 /* LaunchScreen.storyboard */ = {
			isa = PBXVariantGroup;
			children = (
				06D780DB2371CD0F001B3717 /* Base */,
			);
			name = LaunchScreen.storyboard;
			sourceTree = "<group>";
		};
/* End PBXVariantGroup section */

/* Begin XCBuildConfiguration section */
		06D780DE2371CD0F001B3717 /* Debug */ = {
			isa = XCBuildConfiguration;
			buildSettings = {
				ALWAYS_SEARCH_USER_PATHS = NO;
				CLANG_ANALYZER_NONNULL = YES;
				CLANG_ANALYZER_NUMBER_OBJECT_CONVERSION = YES_AGGRESSIVE;
				CLANG_CXX_LANGUAGE_STANDARD = "gnu++14";
				CLANG_CXX_LIBRARY = "libc++";
				CLANG_ENABLE_MODULES = YES;
				CLANG_ENABLE_OBJC_ARC = YES;
				CLANG_ENABLE_OBJC_WEAK = YES;
				CLANG_WARN_BLOCK_CAPTURE_AUTORELEASING = YES;
				CLANG_WARN_BOOL_CONVERSION = YES;
				CLANG_WARN_COMMA = YES;
				CLANG_WARN_CONSTANT_CONVERSION = YES;
				CLANG_WARN_DEPRECATED_OBJC_IMPLEMENTATIONS = YES;
				CLANG_WARN_DIRECT_OBJC_ISA_USAGE = YES_ERROR;
				CLANG_WARN_DOCUMENTATION_COMMENTS = YES;
				CLANG_WARN_EMPTY_BODY = YES;
				CLANG_WARN_ENUM_CONVERSION = YES;
				CLANG_WARN_INFINITE_RECURSION = YES;
				CLANG_WARN_INT_CONVERSION = YES;
				CLANG_WARN_NON_LITERAL_NULL_CONVERSION = YES;
				CLANG_WARN_OBJC_IMPLICIT_RETAIN_SELF = YES;
				CLANG_WARN_OBJC_LITERAL_CONVERSION = YES;
				CLANG_WARN_OBJC_ROOT_CLASS = YES_ERROR;
				CLANG_WARN_RANGE_LOOP_ANALYSIS = YES;
				CLANG_WARN_STRICT_PROTOTYPES = YES;
				CLANG_WARN_SUSPICIOUS_MOVE = YES;
				CLANG_WARN_UNGUARDED_AVAILABILITY = YES_AGGRESSIVE;
				CLANG_WARN_UNREACHABLE_CODE = YES;
				CLANG_WARN__DUPLICATE_METHOD_MATCH = YES;
				COPY_PHASE_STRIP = NO;
				DEBUG_INFORMATION_FORMAT = dwarf;
				ENABLE_STRICT_OBJC_MSGSEND = YES;
				ENABLE_TESTABILITY = YES;
				GCC_C_LANGUAGE_STANDARD = gnu11;
				GCC_DYNAMIC_NO_PIC = NO;
				GCC_NO_COMMON_BLOCKS = YES;
				GCC_OPTIMIZATION_LEVEL = 0;
				GCC_PREPROCESSOR_DEFINITIONS = (
					"DEBUG=1",
					"$(inherited)",
				);
				GCC_WARN_64_TO_32_BIT_CONVERSION = YES;
				GCC_WARN_ABOUT_RETURN_TYPE = YES_ERROR;
				GCC_WARN_UNDECLARED_SELECTOR = YES;
				GCC_WARN_UNINITIALIZED_AUTOS = YES_AGGRESSIVE;
				GCC_WARN_UNUSED_FUNCTION = YES;
				GCC_WARN_UNUSED_VARIABLE = YES;
				IPHONEOS_DEPLOYMENT_TARGET = 13.2;
				MTL_ENABLE_DEBUG_INFO = INCLUDE_SOURCE;
				MTL_FAST_MATH = YES;
				ONLY_ACTIVE_ARCH = YES;
				SDKROOT = iphoneos;
				SWIFT_ACTIVE_COMPILATION_CONDITIONS = DEBUG;
				SWIFT_OPTIMIZATION_LEVEL = "-Onone";
			};
			name = Debug;
		};
		06D780DF2371CD0F001B3717 /* Release */ = {
			isa = XCBuildConfiguration;
			buildSettings = {
				ALWAYS_SEARCH_USER_PATHS = NO;
				CLANG_ANALYZER_NONNULL = YES;
				CLANG_ANALYZER_NUMBER_OBJECT_CONVERSION = YES_AGGRESSIVE;
				CLANG_CXX_LANGUAGE_STANDARD = "gnu++14";
				CLANG_CXX_LIBRARY = "libc++";
				CLANG_ENABLE_MODULES = YES;
				CLANG_ENABLE_OBJC_ARC = YES;
				CLANG_ENABLE_OBJC_WEAK = YES;
				CLANG_WARN_BLOCK_CAPTURE_AUTORELEASING = YES;
				CLANG_WARN_BOOL_CONVERSION = YES;
				CLANG_WARN_COMMA = YES;
				CLANG_WARN_CONSTANT_CONVERSION = YES;
				CLANG_WARN_DEPRECATED_OBJC_IMPLEMENTATIONS = YES;
				CLANG_WARN_DIRECT_OBJC_ISA_USAGE = YES_ERROR;
				CLANG_WARN_DOCUMENTATION_COMMENTS = YES;
				CLANG_WARN_EMPTY_BODY = YES;
				CLANG_WARN_ENUM_CONVERSION = YES;
				CLANG_WARN_INFINITE_RECURSION = YES;
				CLANG_WARN_INT_CONVERSION = YES;
				CLANG_WARN_NON_LITERAL_NULL_CONVERSION = YES;
				CLANG_WARN_OBJC_IMPLICIT_RETAIN_SELF = YES;
				CLANG_WARN_OBJC_LITERAL_CONVERSION = YES;
				CLANG_WARN_OBJC_ROOT_CLASS = YES_ERROR;
				CLANG_WARN_RANGE_LOOP_ANALYSIS = YES;
				CLANG_WARN_STRICT_PROTOTYPES = YES;
				CLANG_WARN_SUSPICIOUS_MOVE = YES;
				CLANG_WARN_UNGUARDED_AVAILABILITY = YES_AGGRESSIVE;
				CLANG_WARN_UNREACHABLE_CODE = YES;
				CLANG_WARN__DUPLICATE_METHOD_MATCH = YES;
				COPY_PHASE_STRIP = NO;
				DEBUG_INFORMATION_FORMAT = "dwarf-with-dsym";
				ENABLE_NS_ASSERTIONS = NO;
				ENABLE_STRICT_OBJC_MSGSEND = YES;
				GCC_C_LANGUAGE_STANDARD = gnu11;
				GCC_NO_COMMON_BLOCKS = YES;
				GCC_WARN_64_TO_32_BIT_CONVERSION = YES;
				GCC_WARN_ABOUT_RETURN_TYPE = YES_ERROR;
				GCC_WARN_UNDECLARED_SELECTOR = YES;
				GCC_WARN_UNINITIALIZED_AUTOS = YES_AGGRESSIVE;
				GCC_WARN_UNUSED_FUNCTION = YES;
				GCC_WARN_UNUSED_VARIABLE = YES;
				IPHONEOS_DEPLOYMENT_TARGET = 13.2;
				MTL_ENABLE_DEBUG_INFO = NO;
				MTL_FAST_MATH = YES;
				SDKROOT = iphoneos;
				SWIFT_COMPILATION_MODE = wholemodule;
				SWIFT_OPTIMIZATION_LEVEL = "-O";
				VALIDATE_PRODUCT = YES;
			};
			name = Release;
		};
		06D780E12371CD0F001B3717 /* Debug */ = {
			isa = XCBuildConfiguration;
			baseConfigurationReference = 0FCC33C1B203FEF4544943A9 /* Pods-CleanHouse.debug.xcconfig */;
			buildSettings = {
				ASSETCATALOG_COMPILER_APPICON_NAME = AppIcon;
				CODE_SIGN_STYLE = Automatic;
				DEVELOPMENT_TEAM = 6HUZSCYG3W;
				INFOPLIST_FILE = CleanHouse/Info.plist;
				LD_RUNPATH_SEARCH_PATHS = (
					"$(inherited)",
					"@executable_path/Frameworks",
				);
				PRODUCT_BUNDLE_IDENTIFIER = TPP.CleanHouse;
				PRODUCT_NAME = "$(TARGET_NAME)";
				SWIFT_VERSION = 5.0;
				TARGETED_DEVICE_FAMILY = "1,2";
			};
			name = Debug;
		};
		06D780E22371CD0F001B3717 /* Release */ = {
			isa = XCBuildConfiguration;
			baseConfigurationReference = 326D099FFBD098C62774A97F /* Pods-CleanHouse.release.xcconfig */;
			buildSettings = {
				ASSETCATALOG_COMPILER_APPICON_NAME = AppIcon;
				CODE_SIGN_STYLE = Automatic;
				DEVELOPMENT_TEAM = 6HUZSCYG3W;
				INFOPLIST_FILE = CleanHouse/Info.plist;
				LD_RUNPATH_SEARCH_PATHS = (
					"$(inherited)",
					"@executable_path/Frameworks",
				);
				PRODUCT_BUNDLE_IDENTIFIER = TPP.CleanHouse;
				PRODUCT_NAME = "$(TARGET_NAME)";
				SWIFT_VERSION = 5.0;
				TARGETED_DEVICE_FAMILY = "1,2";
			};
			name = Release;
		};
/* End XCBuildConfiguration section */

/* Begin XCConfigurationList section */
		06D780C72371CD0F001B3717 /* Build configuration list for PBXProject "CleanHouse" */ = {
			isa = XCConfigurationList;
			buildConfigurations = (
				06D780DE2371CD0F001B3717 /* Debug */,
				06D780DF2371CD0F001B3717 /* Release */,
			);
			defaultConfigurationIsVisible = 0;
			defaultConfigurationName = Release;
		};
		06D780E02371CD0F001B3717 /* Build configuration list for PBXNativeTarget "CleanHouse" */ = {
			isa = XCConfigurationList;
			buildConfigurations = (
				06D780E12371CD0F001B3717 /* Debug */,
				06D780E22371CD0F001B3717 /* Release */,
			);
			defaultConfigurationIsVisible = 0;
			defaultConfigurationName = Release;
		};
/* End XCConfigurationList section */
	};
	rootObject = 06D780C42371CD0F001B3717 /* Project object */;
}
